
Microsoft Visual Studio Solution File, Format Version 12.00
# Visual Studio Version 17
VisualStudioVersion = 17.4.33110.190
MinimumVisualStudioVersion = 10.0.40219.1
Project("{FAE04EC0-301F-11D3-BF4B-00C04F79EFBC}") = "RPGGame", "RPGGame\RPGGame.csproj", "{242EF9FE-B10D-4436-9B7D-9EDA69B529B5}"
EndProject
Global
	GlobalSection(SolutionConfigurationPlatforms) = preSolution
		Debug|Any CPU = Debug|Any CPU
		Release|Any CPU = Release|Any CPU
	EndGlobalSection
	GlobalSection(ProjectConfigurationPlatforms) = postSolution
		{242EF9FE-B10D-4436-9B7D-9EDA69B529B5}.Debug|Any CPU.ActiveCfg = Debug|Any CPU
		{242EF9FE-B10D-4436-9B7D-9EDA69B529B5}.Debug|Any CPU.Build.0 = Debug|Any CPU
		{242EF9FE-B10D-4436-9B7D-9EDA69B529B5}.Release|Any CPU.ActiveCfg = Release|Any CPU
		{242EF9FE-B10D-4436-9B7D-9EDA69B529B5}.Release|Any CPU.Build.0 = Release|Any CPU
	EndGlobalSection
	GlobalSection(SolutionProperties) = preSolution
		HideSolutionNode = FALSE
	EndGlobalSection
	GlobalSection(ExtensibilityGlobals) = postSolution
		SolutionGuid = {F4BF5825-E38B-44E4-A720-B439739A4A70}
	EndGlobalSection
EndGlobal
